
Microsoft Visual Studio Solution File, Format Version 12.00
# Visual Studio 15
VisualStudioVersion = 15.0.26124.0
MinimumVisualStudioVersion = 15.0.26124.0
Project("{2150E333-8FDC-42A3-9474-1A3956D46DE8}") = "src", "src", "{4F99AA2B-7D06-414C-B76D-103ACF060FF6}"
EndProject
Project("{FAE04EC0-301F-11D3-BF4B-00C04F79EFBC}") = "Service", "src\Service\Service.csproj", "{10189115-845D-4CC2-988E-4143699D8F76}"
EndProject
Project("{FAE04EC0-301F-11D3-BF4B-00C04F79EFBC}") = "Model", "src\Model\Model.csproj", "{74E1BE42-DF2E-4294-A46D-CE660DBE9B72}"
EndProject
Project("{FAE04EC0-301F-11D3-BF4B-00C04F79EFBC}") = "Cli", "src\Cli\Cli.csproj", "{D65AE508-FDA4-44F2-A8C5-D5CEE4328026}"
EndProject
Project("{2150E333-8FDC-42A3-9474-1A3956D46DE8}") = "test", "test", "{E73153AE-59DA-41F5-BF32-662F43745FB0}"
EndProject
Project("{FAE04EC0-301F-11D3-BF4B-00C04F79EFBC}") = "Service.Test", "test\Service.Test\Service.Test.csproj", "{A8110235-B824-41E5-A8EF-B16791ED9182}"
EndProject
Global
	GlobalSection(SolutionConfigurationPlatforms) = preSolution
		Debug|Any CPU = Debug|Any CPU
		Debug|x64 = Debug|x64
		Debug|x86 = Debug|x86
		Release|Any CPU = Release|Any CPU
		Release|x64 = Release|x64
		Release|x86 = Release|x86
	EndGlobalSection
	GlobalSection(SolutionProperties) = preSolution
		HideSolutionNode = FALSE
	EndGlobalSection
	GlobalSection(ProjectConfigurationPlatforms) = postSolution
		{10189115-845D-4CC2-988E-4143699D8F76}.Debug|Any CPU.ActiveCfg = Debug|Any CPU
		{10189115-845D-4CC2-988E-4143699D8F76}.Debug|Any CPU.Build.0 = Debug|Any CPU
		{10189115-845D-4CC2-988E-4143699D8F76}.Debug|x64.ActiveCfg = Debug|Any CPU
		{10189115-845D-4CC2-988E-4143699D8F76}.Debug|x64.Build.0 = Debug|Any CPU
		{10189115-845D-4CC2-988E-4143699D8F76}.Debug|x86.ActiveCfg = Debug|Any CPU
		{10189115-845D-4CC2-988E-4143699D8F76}.Debug|x86.Build.0 = Debug|Any CPU
		{10189115-845D-4CC2-988E-4143699D8F76}.Release|Any CPU.ActiveCfg = Release|Any CPU
		{10189115-845D-4CC2-988E-4143699D8F76}.Release|Any CPU.Build.0 = Release|Any CPU
		{10189115-845D-4CC2-988E-4143699D8F76}.Release|x64.ActiveCfg = Release|Any CPU
		{10189115-845D-4CC2-988E-4143699D8F76}.Release|x64.Build.0 = Release|Any CPU
		{10189115-845D-4CC2-988E-4143699D8F76}.Release|x86.ActiveCfg = Release|Any CPU
		{10189115-845D-4CC2-988E-4143699D8F76}.Release|x86.Build.0 = Release|Any CPU
		{74E1BE42-DF2E-4294-A46D-CE660DBE9B72}.Debug|Any CPU.ActiveCfg = Debug|Any CPU
		{74E1BE42-DF2E-4294-A46D-CE660DBE9B72}.Debug|Any CPU.Build.0 = Debug|Any CPU
		{74E1BE42-DF2E-4294-A46D-CE660DBE9B72}.Debug|x64.ActiveCfg = Debug|Any CPU
		{74E1BE42-DF2E-4294-A46D-CE660DBE9B72}.Debug|x64.Build.0 = Debug|Any CPU
		{74E1BE42-DF2E-4294-A46D-CE660DBE9B72}.Debug|x86.ActiveCfg = Debug|Any CPU
		{74E1BE42-DF2E-4294-A46D-CE660DBE9B72}.Debug|x86.Build.0 = Debug|Any CPU
		{74E1BE42-DF2E-4294-A46D-CE660DBE9B72}.Release|Any CPU.ActiveCfg = Release|Any CPU
		{74E1BE42-DF2E-4294-A46D-CE660DBE9B72}.Release|Any CPU.Build.0 = Release|Any CPU
		{74E1BE42-DF2E-4294-A46D-CE660DBE9B72}.Release|x64.ActiveCfg = Release|Any CPU
		{74E1BE42-DF2E-4294-A46D-CE660DBE9B72}.Release|x64.Build.0 = Release|Any CPU
		{74E1BE42-DF2E-4294-A46D-CE660DBE9B72}.Release|x86.ActiveCfg = Release|Any CPU
		{74E1BE42-DF2E-4294-A46D-CE660DBE9B72}.Release|x86.Build.0 = Release|Any CPU
		{D65AE508-FDA4-44F2-A8C5-D5CEE4328026}.Debug|Any CPU.ActiveCfg = Debug|Any CPU
		{D65AE508-FDA4-44F2-A8C5-D5CEE4328026}.Debug|Any CPU.Build.0 = Debug|Any CPU
		{D65AE508-FDA4-44F2-A8C5-D5CEE4328026}.Debug|x64.ActiveCfg = Debug|Any CPU
		{D65AE508-FDA4-44F2-A8C5-D5CEE4328026}.Debug|x64.Build.0 = Debug|Any CPU
		{D65AE508-FDA4-44F2-A8C5-D5CEE4328026}.Debug|x86.ActiveCfg = Debug|Any CPU
		{D65AE508-FDA4-44F2-A8C5-D5CEE4328026}.Debug|x86.Build.0 = Debug|Any CPU
		{D65AE508-FDA4-44F2-A8C5-D5CEE4328026}.Release|Any CPU.ActiveCfg = Release|Any CPU
		{D65AE508-FDA4-44F2-A8C5-D5CEE4328026}.Release|Any CPU.Build.0 = Release|Any CPU
		{D65AE508-FDA4-44F2-A8C5-D5CEE4328026}.Release|x64.ActiveCfg = Release|Any CPU
		{D65AE508-FDA4-44F2-A8C5-D5CEE4328026}.Release|x64.Build.0 = Release|Any CPU
		{D65AE508-FDA4-44F2-A8C5-D5CEE4328026}.Release|x86.ActiveCfg = Release|Any CPU
		{D65AE508-FDA4-44F2-A8C5-D5CEE4328026}.Release|x86.Build.0 = Release|Any CPU
		{A8110235-B824-41E5-A8EF-B16791ED9182}.Debug|Any CPU.ActiveCfg = Debug|Any CPU
		{A8110235-B824-41E5-A8EF-B16791ED9182}.Debug|Any CPU.Build.0 = Debug|Any CPU
		{A8110235-B824-41E5-A8EF-B16791ED9182}.Debug|x64.ActiveCfg = Debug|Any CPU
		{A8110235-B824-41E5-A8EF-B16791ED9182}.Debug|x64.Build.0 = Debug|Any CPU
		{A8110235-B824-41E5-A8EF-B16791ED9182}.Debug|x86.ActiveCfg = Debug|Any CPU
		{A8110235-B824-41E5-A8EF-B16791ED9182}.Debug|x86.Build.0 = Debug|Any CPU
		{A8110235-B824-41E5-A8EF-B16791ED9182}.Release|Any CPU.ActiveCfg = Release|Any CPU
		{A8110235-B824-41E5-A8EF-B16791ED9182}.Release|Any CPU.Build.0 = Release|Any CPU
		{A8110235-B824-41E5-A8EF-B16791ED9182}.Release|x64.ActiveCfg = Release|Any CPU
		{A8110235-B824-41E5-A8EF-B16791ED9182}.Release|x64.Build.0 = Release|Any CPU
		{A8110235-B824-41E5-A8EF-B16791ED9182}.Release|x86.ActiveCfg = Release|Any CPU
		{A8110235-B824-41E5-A8EF-B16791ED9182}.Release|x86.Build.0 = Release|Any CPU
	EndGlobalSection
	GlobalSection(NestedProjects) = preSolution
		{10189115-845D-4CC2-988E-4143699D8F76} = {4F99AA2B-7D06-414C-B76D-103ACF060FF6}
		{74E1BE42-DF2E-4294-A46D-CE660DBE9B72} = {4F99AA2B-7D06-414C-B76D-103ACF060FF6}
		{D65AE508-FDA4-44F2-A8C5-D5CEE4328026} = {4F99AA2B-7D06-414C-B76D-103ACF060FF6}
		{A8110235-B824-41E5-A8EF-B16791ED9182} = {E73153AE-59DA-41F5-BF32-662F43745FB0}
	EndGlobalSection
EndGlobal
